
Microsoft Visual Studio Solution File, Format Version 12.00
# Visual Studio Version 17
VisualStudioVersion = 17.0.32014.148
MinimumVisualStudioVersion = 10.0.40219.1
Project("{FAE04EC0-301F-11D3-BF4B-00C04F79EFBC}") = "MicroservicesWebAPI", "MicroservicesWebAPI.csproj", "{3F976852-3D10-4AB6-A01C-178D5EF37567}"
EndProject
Global
	GlobalSection(SolutionConfigurationPlatforms) = preSolution
		Debug|Any CPU = Debug|Any CPU
		Release|Any CPU = Release|Any CPU
	EndGlobalSection
	GlobalSection(ProjectConfigurationPlatforms) = postSolution
		{3F976852-3D10-4AB6-A01C-178D5EF37567}.Debug|Any CPU.ActiveCfg = Debug|Any CPU
		{3F976852-3D10-4AB6-A01C-178D5EF37567}.Debug|Any CPU.Build.0 = Debug|Any CPU
		{3F976852-3D10-4AB6-A01C-178D5EF37567}.Release|Any CPU.ActiveCfg = Release|Any CPU
		{3F976852-3D10-4AB6-A01C-178D5EF37567}.Release|Any CPU.Build.0 = Release|Any CPU
	EndGlobalSection
	GlobalSection(SolutionProperties) = preSolution
		HideSolutionNode = FALSE
	EndGlobalSection
	GlobalSection(ExtensibilityGlobals) = postSolution
		SolutionGuid = {DA18AD9F-07A2-4640-BA9F-88499EDCC064}
	EndGlobalSection
EndGlobal
